
Microsoft Visual Studio Solution File, Format Version 12.00
# Visual Studio Version 16
VisualStudioVersion = 16.0.29920.165
MinimumVisualStudioVersion = 10.0.40219.1
Project("{FAE04EC0-301F-11D3-BF4B-00C04F79EFBC}") = "Entidades", "Entidades\Entidades.csproj", "{CE3B781C-6443-4394-9B00-F260E23536B7}"
EndProject
Project("{FAE04EC0-301F-11D3-BF4B-00C04F79EFBC}") = "MiCalculadora", "MiCalculadora\MiCalculadora.csproj", "{FB7EC776-ADBA-4C27-92A5-B77F54911599}"
EndProject
Global
	GlobalSection(SolutionConfigurationPlatforms) = preSolution
		Debug|Any CPU = Debug|Any CPU
		Release|Any CPU = Release|Any CPU
	EndGlobalSection
	GlobalSection(ProjectConfigurationPlatforms) = postSolution
		{CE3B781C-6443-4394-9B00-F260E23536B7}.Debug|Any CPU.ActiveCfg = Debug|Any CPU
		{CE3B781C-6443-4394-9B00-F260E23536B7}.Debug|Any CPU.Build.0 = Debug|Any CPU
		{CE3B781C-6443-4394-9B00-F260E23536B7}.Release|Any CPU.ActiveCfg = Release|Any CPU
		{CE3B781C-6443-4394-9B00-F260E23536B7}.Release|Any CPU.Build.0 = Release|Any CPU
		{FB7EC776-ADBA-4C27-92A5-B77F54911599}.Debug|Any CPU.ActiveCfg = Debug|Any CPU
		{FB7EC776-ADBA-4C27-92A5-B77F54911599}.Debug|Any CPU.Build.0 = Debug|Any CPU
		{FB7EC776-ADBA-4C27-92A5-B77F54911599}.Release|Any CPU.ActiveCfg = Release|Any CPU
		{FB7EC776-ADBA-4C27-92A5-B77F54911599}.Release|Any CPU.Build.0 = Release|Any CPU
	EndGlobalSection
	GlobalSection(SolutionProperties) = preSolution
		HideSolutionNode = FALSE
	EndGlobalSection
	GlobalSection(ExtensibilityGlobals) = postSolution
		SolutionGuid = {900AD88B-C879-418B-A2C7-B98EAEA58DD8}
	EndGlobalSection
EndGlobal
