
Microsoft Visual Studio Solution File, Format Version 12.00
# Visual Studio Version 16
VisualStudioVersion = 16.0.30011.22
MinimumVisualStudioVersion = 10.0.40219.1
Project("{FAE04EC0-301F-11D3-BF4B-00C04F79EFBC}") = "Entidades", "Recanatesi.Danila.2A.TP4\Entidades.csproj", "{C8BEEFA9-5EFE-429F-8CEC-B7619FD015DB}"
EndProject
Project("{FAE04EC0-301F-11D3-BF4B-00C04F79EFBC}") = "MainCorreo", "FrmPpal\MainCorreo.csproj", "{76B6A33F-2D42-447F-B0C1-C47CDF1E5EBB}"
EndProject
Project("{FAE04EC0-301F-11D3-BF4B-00C04F79EFBC}") = "Test", "Test\Test.csproj", "{F3D909EA-71F2-4153-AC49-834F5A9A67C5}"
EndProject
Global
	GlobalSection(SolutionConfigurationPlatforms) = preSolution
		Debug|Any CPU = Debug|Any CPU
		Release|Any CPU = Release|Any CPU
	EndGlobalSection
	GlobalSection(ProjectConfigurationPlatforms) = postSolution
		{C8BEEFA9-5EFE-429F-8CEC-B7619FD015DB}.Debug|Any CPU.ActiveCfg = Debug|Any CPU
		{C8BEEFA9-5EFE-429F-8CEC-B7619FD015DB}.Debug|Any CPU.Build.0 = Debug|Any CPU
		{C8BEEFA9-5EFE-429F-8CEC-B7619FD015DB}.Release|Any CPU.ActiveCfg = Release|Any CPU
		{C8BEEFA9-5EFE-429F-8CEC-B7619FD015DB}.Release|Any CPU.Build.0 = Release|Any CPU
		{76B6A33F-2D42-447F-B0C1-C47CDF1E5EBB}.Debug|Any CPU.ActiveCfg = Debug|Any CPU
		{76B6A33F-2D42-447F-B0C1-C47CDF1E5EBB}.Debug|Any CPU.Build.0 = Debug|Any CPU
		{76B6A33F-2D42-447F-B0C1-C47CDF1E5EBB}.Release|Any CPU.ActiveCfg = Release|Any CPU
		{76B6A33F-2D42-447F-B0C1-C47CDF1E5EBB}.Release|Any CPU.Build.0 = Release|Any CPU
		{F3D909EA-71F2-4153-AC49-834F5A9A67C5}.Debug|Any CPU.ActiveCfg = Debug|Any CPU
		{F3D909EA-71F2-4153-AC49-834F5A9A67C5}.Debug|Any CPU.Build.0 = Debug|Any CPU
		{F3D909EA-71F2-4153-AC49-834F5A9A67C5}.Release|Any CPU.ActiveCfg = Release|Any CPU
		{F3D909EA-71F2-4153-AC49-834F5A9A67C5}.Release|Any CPU.Build.0 = Release|Any CPU
	EndGlobalSection
	GlobalSection(SolutionProperties) = preSolution
		HideSolutionNode = FALSE
	EndGlobalSection
	GlobalSection(ExtensibilityGlobals) = postSolution
		SolutionGuid = {83B97D8D-FD6F-479D-AB8D-B493A398110F}
	EndGlobalSection
EndGlobal
